
Microsoft Visual Studio Solution File, Format Version 12.00
# Visual Studio Version 17
VisualStudioVersion = 17.6.33815.320
MinimumVisualStudioVersion = 10.0.40219.1
Project("{FAE04EC0-301F-11D3-BF4B-00C04F79EFBC}") = "Q3", "Q3\Q3.csproj", "{3166BF0B-2C48-4899-BDE9-981FE776FB09}"
EndProject
Global
	GlobalSection(SolutionConfigurationPlatforms) = preSolution
		Debug|Any CPU = Debug|Any CPU
		Release|Any CPU = Release|Any CPU
	EndGlobalSection
	GlobalSection(ProjectConfigurationPlatforms) = postSolution
		{3166BF0B-2C48-4899-BDE9-981FE776FB09}.Debug|Any CPU.ActiveCfg = Debug|Any CPU
		{3166BF0B-2C48-4899-BDE9-981FE776FB09}.Debug|Any CPU.Build.0 = Debug|Any CPU
		{3166BF0B-2C48-4899-BDE9-981FE776FB09}.Release|Any CPU.ActiveCfg = Release|Any CPU
		{3166BF0B-2C48-4899-BDE9-981FE776FB09}.Release|Any CPU.Build.0 = Release|Any CPU
	EndGlobalSection
	GlobalSection(SolutionProperties) = preSolution
		HideSolutionNode = FALSE
	EndGlobalSection
	GlobalSection(ExtensibilityGlobals) = postSolution
		SolutionGuid = {32401399-FBE7-461E-9068-D16D958BACEB}
	EndGlobalSection
EndGlobal
